
Microsoft Visual Studio Solution File, Format Version 11.00
# Visual Studio 2010
Project("{FAE04EC0-301F-11D3-BF4B-00C04F79EFBC}") = "MARC.HI.EHRS.SVC.Auditing", "MARC.HI.EHRS.SVC.Auditing\MARC.HI.EHRS.SVC.Auditing.csproj", "{27BA9E20-3952-4A9A-92C4-01C86BA2BA50}"
EndProject
Project("{FAE04EC0-301F-11D3-BF4B-00C04F79EFBC}") = "MARC.HI.EHRS.SVC.Auditing.Atna", "MARC.HI.EHRS.SVC.Auditing.Atna\MARC.HI.EHRS.SVC.Auditing.Atna.csproj", "{DA2F5466-DB52-45A1-B3F9-90F29A220B71}"
EndProject
Project("{FAE04EC0-301F-11D3-BF4B-00C04F79EFBC}") = "MARC.HI.EHRS.SVC.Core", "MARC.HI.EHRS.SVC.Core\MARC.HI.EHRS.SVC.Core.csproj", "{FE76688B-17E8-42EF-B8E0-77B06AB3DB10}"
EndProject
Project("{FAE04EC0-301F-11D3-BF4B-00C04F79EFBC}") = "MARC.HI.EHRS.SVC.Core.ComponentModel", "MARC.HI.EHRS.SVC.Core.ComponentModel\MARC.HI.EHRS.SVC.Core.ComponentModel.csproj", "{EF8358CF-797B-473D-A36D-1464C8CA6670}"
EndProject
Project("{FAE04EC0-301F-11D3-BF4B-00C04F79EFBC}") = "MARC.HI.EHRS.SVC.Core.PatientDataProvider", "MARC.HI.EHRS.SVC.Core.PatientDataProvider\MARC.HI.EHRS.SVC.Core.PatientDataProvider.csproj", "{AC9E3E4E-8F02-437D-8D8E-D93F89981D39}"
EndProject
Project("{FAE04EC0-301F-11D3-BF4B-00C04F79EFBC}") = "MARC.HI.EHRS.SVC.DecisionSupport", "MARC.HI.EHRS.SVC.DecisionSupport\MARC.HI.EHRS.SVC.DecisionSupport.csproj", "{9408A628-EEC4-4F21-8408-4E1CB3AB0815}"
EndProject
Project("{FAE04EC0-301F-11D3-BF4B-00C04F79EFBC}") = "MARC.HI.EHRS.SVC.Localization", "MARC.HI.EHRS.SVC.Localization\MARC.HI.EHRS.SVC.Localization.csproj", "{5351472E-4D1C-499B-AC55-E91627F1FBAE}"
EndProject
Project("{FAE04EC0-301F-11D3-BF4B-00C04F79EFBC}") = "MARC.HI.EHRS.SVC.Messaging.Everest", "MARC.HI.EHRS.SVC.Messaging.Everest\MARC.HI.EHRS.SVC.Messaging.Everest.csproj", "{AB8B6A0E-D4F1-4A04-95B6-1404D6E37FEF}"
EndProject
Project("{FAE04EC0-301F-11D3-BF4B-00C04F79EFBC}") = "MARC.HI.EHRS.SVC.Messaging.Persistence.Data", "MARC.HI.EHRS.SVC.Messaging.Persistence.Data\MARC.HI.EHRS.SVC.Messaging.Persistence.Data.csproj", "{FA9871AA-AAFA-4D04-8348-C647D41E80ED}"
EndProject
Project("{FAE04EC0-301F-11D3-BF4B-00C04F79EFBC}") = "MARC.HI.EHRS.SVC.Subscription.Core", "MARC.HI.EHRS.SVC.Subscription.Core\MARC.HI.EHRS.SVC.Subscription.Core.csproj", "{FF3C06E6-CA24-49FB-B202-4F6A12CF5FE5}"
EndProject
Project("{FAE04EC0-301F-11D3-BF4B-00C04F79EFBC}") = "MARC.HI.EHRS.SVC.Subscription.Data", "MARC.HI.EHRS.SVC.Subscription.RSS\MARC.HI.EHRS.SVC.Subscription.Data.csproj", "{8547FCB1-1589-4193-9213-CE704D46EBCA}"
EndProject
Project("{FAE04EC0-301F-11D3-BF4B-00C04F79EFBC}") = "MARC.HI.EHRS.SVC.Terminology", "MARC.HI.EHRS.SVC.Terminology\MARC.HI.EHRS.SVC.Terminology.csproj", "{ECE74670-9662-48FC-AF89-28935C28E9CC}"
EndProject
Project("{FAE04EC0-301F-11D3-BF4B-00C04F79EFBC}") = "MARC.HI.EHRS.SVC.ClientIdentity", "MARC.HI.EHRS.SVC.ClientIdentity\MARC.HI.EHRS.SVC.ClientIdentity.csproj", "{B8672301-DE96-4FAA-BBA3-78984890E204}"
EndProject
Project("{FAE04EC0-301F-11D3-BF4B-00C04F79EFBC}") = "MARC.HI.EHRS.SVC.HealthWorkerIdentity", "MARC.HI.EHRS.SVC.HealthWorkerIdentity\MARC.HI.EHRS.SVC.HealthWorkerIdentity.csproj", "{525848D3-2001-4009-8C92-B43870388C4B}"
EndProject
Project("{FAE04EC0-301F-11D3-BF4B-00C04F79EFBC}") = "MARC.HI.EHRS.SVC.PolicyEnforcement", "MARC.HI.EHRS.SVC.PolicyEnforcement\MARC.HI.EHRS.SVC.PolicyEnforcement.csproj", "{2DD0E817-8D5F-482E-BCEC-21B1FF98D079}"
EndProject
Project("{2150E333-8FDC-42A3-9474-1A3956D46DE8}") = "Solution Items", "Solution Items", "{C3A6322C-EBBC-4141-8A9E-795D7CB54483}"
	ProjectSection(SolutionItems) = preProject
		Solution Items\CTS.Clients.dll = Solution Items\CTS.Clients.dll
		Solution Items\CTS.Types.dll = Solution Items\CTS.Types.dll
		Solution Items\SQL\ICD10.sql = Solution Items\SQL\ICD10.sql
		Solution Items\SQL\ICD10CM.sql = Solution Items\SQL\ICD10CM.sql
		Solution Items\MARC.Everest.dll = Solution Items\MARC.Everest.dll
		Solution Items\MARC.Everest.xml = Solution Items\MARC.Everest.xml
		Solution Items\SQL\MDB.sql = Solution Items\SQL\MDB.sql
		Solution Items\SQL\POSTGREQM-DDL.sql = Solution Items\SQL\POSTGREQM-DDL.sql
	EndProjectSection
EndProject
Project("{2150E333-8FDC-42A3-9474-1A3956D46DE8}") = "Auditing", "Auditing", "{95E8EFB6-C6B9-441D-9F5E-A8598DE9EE72}"
	ProjectSection(SolutionItems) = preProject
		ServiceConfigurator\frmApply.cs = ServiceConfigurator\frmApply.cs
		ServiceConfigurator\frmApply.designer.cs = ServiceConfigurator\frmApply.designer.cs
		ServiceConfigurator\frmApply.resx = ServiceConfigurator\frmApply.resx
	EndProjectSection
EndProject
Project("{2150E333-8FDC-42A3-9474-1A3956D46DE8}") = "Core", "Core", "{06A63863-2967-417F-9694-D689198FB35D}"
EndProject
Project("{2150E333-8FDC-42A3-9474-1A3956D46DE8}") = "Subscription", "Subscription", "{B00B1835-B46B-43F2-9A2D-B1889F89B9A3}"
EndProject
Project("{2150E333-8FDC-42A3-9474-1A3956D46DE8}") = "Identity", "Identity", "{2313042F-125B-4AE1-96A8-B447EB95CFED}"
EndProject
Project("{2150E333-8FDC-42A3-9474-1A3956D46DE8}") = "ClinicalSupport", "ClinicalSupport", "{1EE27DB2-D142-4E6C-AF04-CF66F6FAF69A}"
EndProject
Project("{2150E333-8FDC-42A3-9474-1A3956D46DE8}") = "Messaging", "Messaging", "{C9ABBFAD-6BEA-4BAC-ADA5-02F105CA5C94}"
EndProject
Project("{2150E333-8FDC-42A3-9474-1A3956D46DE8}") = "Terminology", "Terminology", "{64EF5B32-056D-41F0-985F-086E6A7FB739}"
EndProject
Project("{FAE04EC0-301F-11D3-BF4B-00C04F79EFBC}") = "MARC.HI.EHRS.QM.Persistence.Data", "MARC.HI.EHRS.QM.Persistence.Data\MARC.HI.EHRS.QM.Persistence.Data.csproj", "{6DC09CCE-454B-4D82-923D-5750EBD7B4B0}"
EndProject
Project("{FAE04EC0-301F-11D3-BF4B-00C04F79EFBC}") = "MARC.HI.EHRS.QM.Core", "MARC.HI.EHRS.QM.Core\MARC.HI.EHRS.QM.Core.csproj", "{BE5CF321-72FB-4CB9-BBDD-E48F5A9845C5}"
EndProject
Project("{FAE04EC0-301F-11D3-BF4B-00C04F79EFBC}") = "MARC.HI.EHRS.SVC.ClientIdentity.pCS", "MARC.HI.EHRS.SVC.ClientIdentity.pCS\MARC.HI.EHRS.SVC.ClientIdentity.pCS.csproj", "{2E0A3F96-DB2E-4775-9A8F-4012177C2B9E}"
EndProject
Project("{FAE04EC0-301F-11D3-BF4B-00C04F79EFBC}") = "MARC.HI.EHRS.SVC.Messaging.Multi", "MARC.HI.EHRS.SVC.Messaging.Multi\MARC.HI.EHRS.SVC.Messaging.Multi.csproj", "{7675A131-9BFB-463C-814C-AB40186EAE8A}"
EndProject
Project("{2150E333-8FDC-42A3-9474-1A3956D46DE8}") = "Configuration", "Configuration", "{863E156E-577E-4B2A-84DB-73B4749C0F8B}"
EndProject
Project("{FAE04EC0-301F-11D3-BF4B-00C04F79EFBC}") = "MARC.HI.EHRS.SVC.ConfigurationApplciation", "ServiceConfigurator\MARC.HI.EHRS.SVC.ConfigurationApplciation.csproj", "{E3F86DDE-9604-4F3E-9A31-BDF5C2051A23}"
EndProject
Project("{FAE04EC0-301F-11D3-BF4B-00C04F79EFBC}") = "MARC.HI.EHRS.SVC.Core.Timer", "MARC.HI.EHRS.SVC.Core.Timer\MARC.HI.EHRS.SVC.Core.Timer.csproj", "{D3881DA7-0F20-4E3B-8103-5424C970E376}"
EndProject
Project("{FAE04EC0-301F-11D3-BF4B-00C04F79EFBC}") = "MARC.HI.EHRS.SVC.Configurator.PostgreSql9", "MARC.HI.EHRS.SVC.Configurator.PostgreSql9\MARC.HI.EHRS.SVC.Configurator.PostgreSql9.csproj", "{42B590C4-3CBD-40D3-857C-180F54B7916F}"
EndProject
Project("{FAE04EC0-301F-11D3-BF4B-00C04F79EFBC}") = "MARC.HI.EHRS.SVC.Messaging.FHIR", "MARC.HI.EHRS.SVC.Messaging.FHIR\MARC.HI.EHRS.SVC.Messaging.FHIR.csproj", "{E1B4A425-AC8C-4C8D-8BCF-E99494DF1EB7}"
EndProject
Global
	GlobalSection(SolutionConfigurationPlatforms) = preSolution
		Debug|Any CPU = Debug|Any CPU
		Debug|Mixed Platforms = Debug|Mixed Platforms
		Debug|x86 = Debug|x86
		Release|Any CPU = Release|Any CPU
		Release|Mixed Platforms = Release|Mixed Platforms
		Release|x86 = Release|x86
	EndGlobalSection
	GlobalSection(ProjectConfigurationPlatforms) = postSolution
		{27BA9E20-3952-4A9A-92C4-01C86BA2BA50}.Debug|Any CPU.ActiveCfg = Debug|Any CPU
		{27BA9E20-3952-4A9A-92C4-01C86BA2BA50}.Debug|Any CPU.Build.0 = Debug|Any CPU
		{27BA9E20-3952-4A9A-92C4-01C86BA2BA50}.Debug|Mixed Platforms.ActiveCfg = Debug|x86
		{27BA9E20-3952-4A9A-92C4-01C86BA2BA50}.Debug|Mixed Platforms.Build.0 = Debug|x86
		{27BA9E20-3952-4A9A-92C4-01C86BA2BA50}.Debug|x86.ActiveCfg = Debug|x86
		{27BA9E20-3952-4A9A-92C4-01C86BA2BA50}.Debug|x86.Build.0 = Debug|x86
		{27BA9E20-3952-4A9A-92C4-01C86BA2BA50}.Release|Any CPU.ActiveCfg = Release|Any CPU
		{27BA9E20-3952-4A9A-92C4-01C86BA2BA50}.Release|Any CPU.Build.0 = Release|Any CPU
		{27BA9E20-3952-4A9A-92C4-01C86BA2BA50}.Release|Mixed Platforms.ActiveCfg = Release|x86
		{27BA9E20-3952-4A9A-92C4-01C86BA2BA50}.Release|Mixed Platforms.Build.0 = Release|x86
		{27BA9E20-3952-4A9A-92C4-01C86BA2BA50}.Release|x86.ActiveCfg = Release|x86
		{27BA9E20-3952-4A9A-92C4-01C86BA2BA50}.Release|x86.Build.0 = Release|x86
		{DA2F5466-DB52-45A1-B3F9-90F29A220B71}.Debug|Any CPU.ActiveCfg = Debug|Any CPU
		{DA2F5466-DB52-45A1-B3F9-90F29A220B71}.Debug|Any CPU.Build.0 = Debug|Any CPU
		{DA2F5466-DB52-45A1-B3F9-90F29A220B71}.Debug|Mixed Platforms.ActiveCfg = Debug|Any CPU
		{DA2F5466-DB52-45A1-B3F9-90F29A220B71}.Debug|Mixed Platforms.Build.0 = Debug|Any CPU
		{DA2F5466-DB52-45A1-B3F9-90F29A220B71}.Debug|x86.ActiveCfg = Debug|Any CPU
		{DA2F5466-DB52-45A1-B3F9-90F29A220B71}.Release|Any CPU.ActiveCfg = Release|Any CPU
		{DA2F5466-DB52-45A1-B3F9-90F29A220B71}.Release|Any CPU.Build.0 = Release|Any CPU
		{DA2F5466-DB52-45A1-B3F9-90F29A220B71}.Release|Mixed Platforms.ActiveCfg = Release|Any CPU
		{DA2F5466-DB52-45A1-B3F9-90F29A220B71}.Release|Mixed Platforms.Build.0 = Release|Any CPU
		{DA2F5466-DB52-45A1-B3F9-90F29A220B71}.Release|x86.ActiveCfg = Release|Any CPU
		{FE76688B-17E8-42EF-B8E0-77B06AB3DB10}.Debug|Any CPU.ActiveCfg = Debug|Any CPU
		{FE76688B-17E8-42EF-B8E0-77B06AB3DB10}.Debug|Any CPU.Build.0 = Debug|Any CPU
		{FE76688B-17E8-42EF-B8E0-77B06AB3DB10}.Debug|Mixed Platforms.ActiveCfg = Debug|x86
		{FE76688B-17E8-42EF-B8E0-77B06AB3DB10}.Debug|Mixed Platforms.Build.0 = Debug|x86
		{FE76688B-17E8-42EF-B8E0-77B06AB3DB10}.Debug|x86.ActiveCfg = Debug|x86
		{FE76688B-17E8-42EF-B8E0-77B06AB3DB10}.Debug|x86.Build.0 = Debug|x86
		{FE76688B-17E8-42EF-B8E0-77B06AB3DB10}.Release|Any CPU.ActiveCfg = Release|Any CPU
		{FE76688B-17E8-42EF-B8E0-77B06AB3DB10}.Release|Any CPU.Build.0 = Release|Any CPU
		{FE76688B-17E8-42EF-B8E0-77B06AB3DB10}.Release|Mixed Platforms.ActiveCfg = Release|x86
		{FE76688B-17E8-42EF-B8E0-77B06AB3DB10}.Release|Mixed Platforms.Build.0 = Release|x86
		{FE76688B-17E8-42EF-B8E0-77B06AB3DB10}.Release|x86.ActiveCfg = Release|x86
		{FE76688B-17E8-42EF-B8E0-77B06AB3DB10}.Release|x86.Build.0 = Release|x86
		{EF8358CF-797B-473D-A36D-1464C8CA6670}.Debug|Any CPU.ActiveCfg = Debug|Any CPU
		{EF8358CF-797B-473D-A36D-1464C8CA6670}.Debug|Any CPU.Build.0 = Debug|Any CPU
		{EF8358CF-797B-473D-A36D-1464C8CA6670}.Debug|Mixed Platforms.ActiveCfg = Debug|Any CPU
		{EF8358CF-797B-473D-A36D-1464C8CA6670}.Debug|Mixed Platforms.Build.0 = Debug|Any CPU
		{EF8358CF-797B-473D-A36D-1464C8CA6670}.Debug|x86.ActiveCfg = Debug|Any CPU
		{EF8358CF-797B-473D-A36D-1464C8CA6670}.Release|Any CPU.ActiveCfg = Release|Any CPU
		{EF8358CF-797B-473D-A36D-1464C8CA6670}.Release|Any CPU.Build.0 = Release|Any CPU
		{EF8358CF-797B-473D-A36D-1464C8CA6670}.Release|Mixed Platforms.ActiveCfg = Release|Any CPU
		{EF8358CF-797B-473D-A36D-1464C8CA6670}.Release|Mixed Platforms.Build.0 = Release|Any CPU
		{EF8358CF-797B-473D-A36D-1464C8CA6670}.Release|x86.ActiveCfg = Release|Any CPU
		{AC9E3E4E-8F02-437D-8D8E-D93F89981D39}.Debug|Any CPU.ActiveCfg = Debug|Any CPU
		{AC9E3E4E-8F02-437D-8D8E-D93F89981D39}.Debug|Any CPU.Build.0 = Debug|Any CPU
		{AC9E3E4E-8F02-437D-8D8E-D93F89981D39}.Debug|Mixed Platforms.ActiveCfg = Debug|Any CPU
		{AC9E3E4E-8F02-437D-8D8E-D93F89981D39}.Debug|Mixed Platforms.Build.0 = Debug|Any CPU
		{AC9E3E4E-8F02-437D-8D8E-D93F89981D39}.Debug|x86.ActiveCfg = Debug|Any CPU
		{AC9E3E4E-8F02-437D-8D8E-D93F89981D39}.Release|Any CPU.ActiveCfg = Release|Any CPU
		{AC9E3E4E-8F02-437D-8D8E-D93F89981D39}.Release|Any CPU.Build.0 = Release|Any CPU
		{AC9E3E4E-8F02-437D-8D8E-D93F89981D39}.Release|Mixed Platforms.ActiveCfg = Release|Any CPU
		{AC9E3E4E-8F02-437D-8D8E-D93F89981D39}.Release|Mixed Platforms.Build.0 = Release|Any CPU
		{AC9E3E4E-8F02-437D-8D8E-D93F89981D39}.Release|x86.ActiveCfg = Release|Any CPU
		{9408A628-EEC4-4F21-8408-4E1CB3AB0815}.Debug|Any CPU.ActiveCfg = Debug|Any CPU
		{9408A628-EEC4-4F21-8408-4E1CB3AB0815}.Debug|Any CPU.Build.0 = Debug|Any CPU
		{9408A628-EEC4-4F21-8408-4E1CB3AB0815}.Debug|Mixed Platforms.ActiveCfg = Debug|Any CPU
		{9408A628-EEC4-4F21-8408-4E1CB3AB0815}.Debug|Mixed Platforms.Build.0 = Debug|Any CPU
		{9408A628-EEC4-4F21-8408-4E1CB3AB0815}.Debug|x86.ActiveCfg = Debug|Any CPU
		{9408A628-EEC4-4F21-8408-4E1CB3AB0815}.Release|Any CPU.ActiveCfg = Release|Any CPU
		{9408A628-EEC4-4F21-8408-4E1CB3AB0815}.Release|Any CPU.Build.0 = Release|Any CPU
		{9408A628-EEC4-4F21-8408-4E1CB3AB0815}.Release|Mixed Platforms.ActiveCfg = Release|Any CPU
		{9408A628-EEC4-4F21-8408-4E1CB3AB0815}.Release|Mixed Platforms.Build.0 = Release|Any CPU
		{9408A628-EEC4-4F21-8408-4E1CB3AB0815}.Release|x86.ActiveCfg = Release|Any CPU
		{5351472E-4D1C-499B-AC55-E91627F1FBAE}.Debug|Any CPU.ActiveCfg = Debug|Any CPU
		{5351472E-4D1C-499B-AC55-E91627F1FBAE}.Debug|Any CPU.Build.0 = Debug|Any CPU
		{5351472E-4D1C-499B-AC55-E91627F1FBAE}.Debug|Mixed Platforms.ActiveCfg = Debug|Any CPU
		{5351472E-4D1C-499B-AC55-E91627F1FBAE}.Debug|Mixed Platforms.Build.0 = Debug|Any CPU
		{5351472E-4D1C-499B-AC55-E91627F1FBAE}.Debug|x86.ActiveCfg = Debug|Any CPU
		{5351472E-4D1C-499B-AC55-E91627F1FBAE}.Release|Any CPU.ActiveCfg = Release|Any CPU
		{5351472E-4D1C-499B-AC55-E91627F1FBAE}.Release|Any CPU.Build.0 = Release|Any CPU
		{5351472E-4D1C-499B-AC55-E91627F1FBAE}.Release|Mixed Platforms.ActiveCfg = Release|Any CPU
		{5351472E-4D1C-499B-AC55-E91627F1FBAE}.Release|Mixed Platforms.Build.0 = Release|Any CPU
		{5351472E-4D1C-499B-AC55-E91627F1FBAE}.Release|x86.ActiveCfg = Release|Any CPU
		{AB8B6A0E-D4F1-4A04-95B6-1404D6E37FEF}.Debug|Any CPU.ActiveCfg = Debug|Any CPU
		{AB8B6A0E-D4F1-4A04-95B6-1404D6E37FEF}.Debug|Any CPU.Build.0 = Debug|Any CPU
		{AB8B6A0E-D4F1-4A04-95B6-1404D6E37FEF}.Debug|Mixed Platforms.ActiveCfg = Debug|x86
		{AB8B6A0E-D4F1-4A04-95B6-1404D6E37FEF}.Debug|Mixed Platforms.Build.0 = Debug|x86
		{AB8B6A0E-D4F1-4A04-95B6-1404D6E37FEF}.Debug|x86.ActiveCfg = Debug|x86
		{AB8B6A0E-D4F1-4A04-95B6-1404D6E37FEF}.Debug|x86.Build.0 = Debug|x86
		{AB8B6A0E-D4F1-4A04-95B6-1404D6E37FEF}.Release|Any CPU.ActiveCfg = Release|Any CPU
		{AB8B6A0E-D4F1-4A04-95B6-1404D6E37FEF}.Release|Any CPU.Build.0 = Release|Any CPU
		{AB8B6A0E-D4F1-4A04-95B6-1404D6E37FEF}.Release|Mixed Platforms.ActiveCfg = Release|x86
		{AB8B6A0E-D4F1-4A04-95B6-1404D6E37FEF}.Release|Mixed Platforms.Build.0 = Release|x86
		{AB8B6A0E-D4F1-4A04-95B6-1404D6E37FEF}.Release|x86.ActiveCfg = Release|x86
		{AB8B6A0E-D4F1-4A04-95B6-1404D6E37FEF}.Release|x86.Build.0 = Release|x86
		{FA9871AA-AAFA-4D04-8348-C647D41E80ED}.Debug|Any CPU.ActiveCfg = Debug|Any CPU
		{FA9871AA-AAFA-4D04-8348-C647D41E80ED}.Debug|Any CPU.Build.0 = Debug|Any CPU
		{FA9871AA-AAFA-4D04-8348-C647D41E80ED}.Debug|Mixed Platforms.ActiveCfg = Debug|x86
		{FA9871AA-AAFA-4D04-8348-C647D41E80ED}.Debug|Mixed Platforms.Build.0 = Debug|x86
		{FA9871AA-AAFA-4D04-8348-C647D41E80ED}.Debug|x86.ActiveCfg = Debug|x86
		{FA9871AA-AAFA-4D04-8348-C647D41E80ED}.Debug|x86.Build.0 = Debug|x86
		{FA9871AA-AAFA-4D04-8348-C647D41E80ED}.Release|Any CPU.ActiveCfg = Release|Any CPU
		{FA9871AA-AAFA-4D04-8348-C647D41E80ED}.Release|Any CPU.Build.0 = Release|Any CPU
		{FA9871AA-AAFA-4D04-8348-C647D41E80ED}.Release|Mixed Platforms.ActiveCfg = Release|x86
		{FA9871AA-AAFA-4D04-8348-C647D41E80ED}.Release|Mixed Platforms.Build.0 = Release|x86
		{FA9871AA-AAFA-4D04-8348-C647D41E80ED}.Release|x86.ActiveCfg = Release|x86
		{FA9871AA-AAFA-4D04-8348-C647D41E80ED}.Release|x86.Build.0 = Release|x86
		{FF3C06E6-CA24-49FB-B202-4F6A12CF5FE5}.Debug|Any CPU.ActiveCfg = Debug|Any CPU
		{FF3C06E6-CA24-49FB-B202-4F6A12CF5FE5}.Debug|Any CPU.Build.0 = Debug|Any CPU
		{FF3C06E6-CA24-49FB-B202-4F6A12CF5FE5}.Debug|Mixed Platforms.ActiveCfg = Debug|Any CPU
		{FF3C06E6-CA24-49FB-B202-4F6A12CF5FE5}.Debug|Mixed Platforms.Build.0 = Debug|Any CPU
		{FF3C06E6-CA24-49FB-B202-4F6A12CF5FE5}.Debug|x86.ActiveCfg = Debug|Any CPU
		{FF3C06E6-CA24-49FB-B202-4F6A12CF5FE5}.Release|Any CPU.ActiveCfg = Release|Any CPU
		{FF3C06E6-CA24-49FB-B202-4F6A12CF5FE5}.Release|Any CPU.Build.0 = Release|Any CPU
		{FF3C06E6-CA24-49FB-B202-4F6A12CF5FE5}.Release|Mixed Platforms.ActiveCfg = Release|Any CPU
		{FF3C06E6-CA24-49FB-B202-4F6A12CF5FE5}.Release|Mixed Platforms.Build.0 = Release|Any CPU
		{FF3C06E6-CA24-49FB-B202-4F6A12CF5FE5}.Release|x86.ActiveCfg = Release|Any CPU
		{8547FCB1-1589-4193-9213-CE704D46EBCA}.Debug|Any CPU.ActiveCfg = Debug|Any CPU
		{8547FCB1-1589-4193-9213-CE704D46EBCA}.Debug|Any CPU.Build.0 = Debug|Any CPU
		{8547FCB1-1589-4193-9213-CE704D46EBCA}.Debug|Mixed Platforms.ActiveCfg = Debug|Any CPU
		{8547FCB1-1589-4193-9213-CE704D46EBCA}.Debug|Mixed Platforms.Build.0 = Debug|Any CPU
		{8547FCB1-1589-4193-9213-CE704D46EBCA}.Debug|x86.ActiveCfg = Debug|Any CPU
		{8547FCB1-1589-4193-9213-CE704D46EBCA}.Release|Any CPU.ActiveCfg = Release|Any CPU
		{8547FCB1-1589-4193-9213-CE704D46EBCA}.Release|Any CPU.Build.0 = Release|Any CPU
		{8547FCB1-1589-4193-9213-CE704D46EBCA}.Release|Mixed Platforms.ActiveCfg = Release|Any CPU
		{8547FCB1-1589-4193-9213-CE704D46EBCA}.Release|Mixed Platforms.Build.0 = Release|Any CPU
		{8547FCB1-1589-4193-9213-CE704D46EBCA}.Release|x86.ActiveCfg = Release|Any CPU
		{ECE74670-9662-48FC-AF89-28935C28E9CC}.Debug|Any CPU.ActiveCfg = Debug|Any CPU
		{ECE74670-9662-48FC-AF89-28935C28E9CC}.Debug|Any CPU.Build.0 = Debug|Any CPU
		{ECE74670-9662-48FC-AF89-28935C28E9CC}.Debug|Mixed Platforms.ActiveCfg = Debug|x86
		{ECE74670-9662-48FC-AF89-28935C28E9CC}.Debug|Mixed Platforms.Build.0 = Debug|x86
		{ECE74670-9662-48FC-AF89-28935C28E9CC}.Debug|x86.ActiveCfg = Debug|x86
		{ECE74670-9662-48FC-AF89-28935C28E9CC}.Debug|x86.Build.0 = Debug|x86
		{ECE74670-9662-48FC-AF89-28935C28E9CC}.Release|Any CPU.ActiveCfg = Release|Any CPU
		{ECE74670-9662-48FC-AF89-28935C28E9CC}.Release|Any CPU.Build.0 = Release|Any CPU
		{ECE74670-9662-48FC-AF89-28935C28E9CC}.Release|Mixed Platforms.ActiveCfg = Release|x86
		{ECE74670-9662-48FC-AF89-28935C28E9CC}.Release|Mixed Platforms.Build.0 = Release|x86
		{ECE74670-9662-48FC-AF89-28935C28E9CC}.Release|x86.ActiveCfg = Release|x86
		{ECE74670-9662-48FC-AF89-28935C28E9CC}.Release|x86.Build.0 = Release|x86
		{B8672301-DE96-4FAA-BBA3-78984890E204}.Debug|Any CPU.ActiveCfg = Debug|Any CPU
		{B8672301-DE96-4FAA-BBA3-78984890E204}.Debug|Any CPU.Build.0 = Debug|Any CPU
		{B8672301-DE96-4FAA-BBA3-78984890E204}.Debug|Mixed Platforms.ActiveCfg = Debug|Any CPU
		{B8672301-DE96-4FAA-BBA3-78984890E204}.Debug|Mixed Platforms.Build.0 = Debug|Any CPU
		{B8672301-DE96-4FAA-BBA3-78984890E204}.Debug|x86.ActiveCfg = Debug|Any CPU
		{B8672301-DE96-4FAA-BBA3-78984890E204}.Release|Any CPU.ActiveCfg = Release|Any CPU
		{B8672301-DE96-4FAA-BBA3-78984890E204}.Release|Any CPU.Build.0 = Release|Any CPU
		{B8672301-DE96-4FAA-BBA3-78984890E204}.Release|Mixed Platforms.ActiveCfg = Release|Any CPU
		{B8672301-DE96-4FAA-BBA3-78984890E204}.Release|Mixed Platforms.Build.0 = Release|Any CPU
		{B8672301-DE96-4FAA-BBA3-78984890E204}.Release|x86.ActiveCfg = Release|Any CPU
		{525848D3-2001-4009-8C92-B43870388C4B}.Debug|Any CPU.ActiveCfg = Debug|Any CPU
		{525848D3-2001-4009-8C92-B43870388C4B}.Debug|Any CPU.Build.0 = Debug|Any CPU
		{525848D3-2001-4009-8C92-B43870388C4B}.Debug|Mixed Platforms.ActiveCfg = Debug|Any CPU
		{525848D3-2001-4009-8C92-B43870388C4B}.Debug|Mixed Platforms.Build.0 = Debug|Any CPU
		{525848D3-2001-4009-8C92-B43870388C4B}.Debug|x86.ActiveCfg = Debug|Any CPU
		{525848D3-2001-4009-8C92-B43870388C4B}.Release|Any CPU.ActiveCfg = Release|Any CPU
		{525848D3-2001-4009-8C92-B43870388C4B}.Release|Any CPU.Build.0 = Release|Any CPU
		{525848D3-2001-4009-8C92-B43870388C4B}.Release|Mixed Platforms.ActiveCfg = Release|Any CPU
		{525848D3-2001-4009-8C92-B43870388C4B}.Release|Mixed Platforms.Build.0 = Release|Any CPU
		{525848D3-2001-4009-8C92-B43870388C4B}.Release|x86.ActiveCfg = Release|Any CPU
		{2DD0E817-8D5F-482E-BCEC-21B1FF98D079}.Debug|Any CPU.ActiveCfg = Debug|Any CPU
		{2DD0E817-8D5F-482E-BCEC-21B1FF98D079}.Debug|Any CPU.Build.0 = Debug|Any CPU
		{2DD0E817-8D5F-482E-BCEC-21B1FF98D079}.Debug|Mixed Platforms.ActiveCfg = Debug|Any CPU
		{2DD0E817-8D5F-482E-BCEC-21B1FF98D079}.Debug|Mixed Platforms.Build.0 = Debug|Any CPU
		{2DD0E817-8D5F-482E-BCEC-21B1FF98D079}.Debug|x86.ActiveCfg = Debug|Any CPU
		{2DD0E817-8D5F-482E-BCEC-21B1FF98D079}.Release|Any CPU.ActiveCfg = Release|Any CPU
		{2DD0E817-8D5F-482E-BCEC-21B1FF98D079}.Release|Any CPU.Build.0 = Release|Any CPU
		{2DD0E817-8D5F-482E-BCEC-21B1FF98D079}.Release|Mixed Platforms.ActiveCfg = Release|Any CPU
		{2DD0E817-8D5F-482E-BCEC-21B1FF98D079}.Release|Mixed Platforms.Build.0 = Release|Any CPU
		{2DD0E817-8D5F-482E-BCEC-21B1FF98D079}.Release|x86.ActiveCfg = Release|Any CPU
		{6DC09CCE-454B-4D82-923D-5750EBD7B4B0}.Debug|Any CPU.ActiveCfg = Debug|Any CPU
		{6DC09CCE-454B-4D82-923D-5750EBD7B4B0}.Debug|Any CPU.Build.0 = Debug|Any CPU
		{6DC09CCE-454B-4D82-923D-5750EBD7B4B0}.Debug|Mixed Platforms.ActiveCfg = Debug|Any CPU
		{6DC09CCE-454B-4D82-923D-5750EBD7B4B0}.Debug|Mixed Platforms.Build.0 = Debug|Any CPU
		{6DC09CCE-454B-4D82-923D-5750EBD7B4B0}.Debug|x86.ActiveCfg = Debug|Any CPU
		{6DC09CCE-454B-4D82-923D-5750EBD7B4B0}.Release|Any CPU.ActiveCfg = Release|Any CPU
		{6DC09CCE-454B-4D82-923D-5750EBD7B4B0}.Release|Any CPU.Build.0 = Release|Any CPU
		{6DC09CCE-454B-4D82-923D-5750EBD7B4B0}.Release|Mixed Platforms.ActiveCfg = Release|Any CPU
		{6DC09CCE-454B-4D82-923D-5750EBD7B4B0}.Release|Mixed Platforms.Build.0 = Release|Any CPU
		{6DC09CCE-454B-4D82-923D-5750EBD7B4B0}.Release|x86.ActiveCfg = Release|Any CPU
		{BE5CF321-72FB-4CB9-BBDD-E48F5A9845C5}.Debug|Any CPU.ActiveCfg = Debug|Any CPU
		{BE5CF321-72FB-4CB9-BBDD-E48F5A9845C5}.Debug|Any CPU.Build.0 = Debug|Any CPU
		{BE5CF321-72FB-4CB9-BBDD-E48F5A9845C5}.Debug|Mixed Platforms.ActiveCfg = Debug|Any CPU
		{BE5CF321-72FB-4CB9-BBDD-E48F5A9845C5}.Debug|Mixed Platforms.Build.0 = Debug|Any CPU
		{BE5CF321-72FB-4CB9-BBDD-E48F5A9845C5}.Debug|x86.ActiveCfg = Debug|Any CPU
		{BE5CF321-72FB-4CB9-BBDD-E48F5A9845C5}.Release|Any CPU.ActiveCfg = Release|Any CPU
		{BE5CF321-72FB-4CB9-BBDD-E48F5A9845C5}.Release|Any CPU.Build.0 = Release|Any CPU
		{BE5CF321-72FB-4CB9-BBDD-E48F5A9845C5}.Release|Mixed Platforms.ActiveCfg = Release|Any CPU
		{BE5CF321-72FB-4CB9-BBDD-E48F5A9845C5}.Release|Mixed Platforms.Build.0 = Release|Any CPU
		{BE5CF321-72FB-4CB9-BBDD-E48F5A9845C5}.Release|x86.ActiveCfg = Release|Any CPU
		{2E0A3F96-DB2E-4775-9A8F-4012177C2B9E}.Debug|Any CPU.ActiveCfg = Debug|Any CPU
		{2E0A3F96-DB2E-4775-9A8F-4012177C2B9E}.Debug|Any CPU.Build.0 = Debug|Any CPU
		{2E0A3F96-DB2E-4775-9A8F-4012177C2B9E}.Debug|Mixed Platforms.ActiveCfg = Debug|Any CPU
		{2E0A3F96-DB2E-4775-9A8F-4012177C2B9E}.Debug|Mixed Platforms.Build.0 = Debug|Any CPU
		{2E0A3F96-DB2E-4775-9A8F-4012177C2B9E}.Debug|x86.ActiveCfg = Debug|Any CPU
		{2E0A3F96-DB2E-4775-9A8F-4012177C2B9E}.Release|Any CPU.ActiveCfg = Release|Any CPU
		{2E0A3F96-DB2E-4775-9A8F-4012177C2B9E}.Release|Any CPU.Build.0 = Release|Any CPU
		{2E0A3F96-DB2E-4775-9A8F-4012177C2B9E}.Release|Mixed Platforms.ActiveCfg = Release|Any CPU
		{2E0A3F96-DB2E-4775-9A8F-4012177C2B9E}.Release|Mixed Platforms.Build.0 = Release|Any CPU
		{2E0A3F96-DB2E-4775-9A8F-4012177C2B9E}.Release|x86.ActiveCfg = Release|Any CPU
		{7675A131-9BFB-463C-814C-AB40186EAE8A}.Debug|Any CPU.ActiveCfg = Debug|Any CPU
		{7675A131-9BFB-463C-814C-AB40186EAE8A}.Debug|Any CPU.Build.0 = Debug|Any CPU
		{7675A131-9BFB-463C-814C-AB40186EAE8A}.Debug|Mixed Platforms.ActiveCfg = Debug|Any CPU
		{7675A131-9BFB-463C-814C-AB40186EAE8A}.Debug|Mixed Platforms.Build.0 = Debug|Any CPU
		{7675A131-9BFB-463C-814C-AB40186EAE8A}.Debug|x86.ActiveCfg = Debug|Any CPU
		{7675A131-9BFB-463C-814C-AB40186EAE8A}.Release|Any CPU.ActiveCfg = Release|Any CPU
		{7675A131-9BFB-463C-814C-AB40186EAE8A}.Release|Any CPU.Build.0 = Release|Any CPU
		{7675A131-9BFB-463C-814C-AB40186EAE8A}.Release|Mixed Platforms.ActiveCfg = Release|Any CPU
		{7675A131-9BFB-463C-814C-AB40186EAE8A}.Release|Mixed Platforms.Build.0 = Release|Any CPU
		{7675A131-9BFB-463C-814C-AB40186EAE8A}.Release|x86.ActiveCfg = Release|Any CPU
		{E3F86DDE-9604-4F3E-9A31-BDF5C2051A23}.Debug|Any CPU.ActiveCfg = Debug|x86
		{E3F86DDE-9604-4F3E-9A31-BDF5C2051A23}.Debug|Any CPU.Build.0 = Debug|x86
		{E3F86DDE-9604-4F3E-9A31-BDF5C2051A23}.Debug|Mixed Platforms.ActiveCfg = Debug|x86
		{E3F86DDE-9604-4F3E-9A31-BDF5C2051A23}.Debug|Mixed Platforms.Build.0 = Debug|x86
		{E3F86DDE-9604-4F3E-9A31-BDF5C2051A23}.Debug|x86.ActiveCfg = Debug|x86
		{E3F86DDE-9604-4F3E-9A31-BDF5C2051A23}.Debug|x86.Build.0 = Debug|x86
		{E3F86DDE-9604-4F3E-9A31-BDF5C2051A23}.Release|Any CPU.ActiveCfg = Release|x86
		{E3F86DDE-9604-4F3E-9A31-BDF5C2051A23}.Release|Any CPU.Build.0 = Release|x86
		{E3F86DDE-9604-4F3E-9A31-BDF5C2051A23}.Release|Mixed Platforms.ActiveCfg = Release|x86
		{E3F86DDE-9604-4F3E-9A31-BDF5C2051A23}.Release|Mixed Platforms.Build.0 = Release|x86
		{E3F86DDE-9604-4F3E-9A31-BDF5C2051A23}.Release|x86.ActiveCfg = Release|x86
		{E3F86DDE-9604-4F3E-9A31-BDF5C2051A23}.Release|x86.Build.0 = Release|x86
		{D3881DA7-0F20-4E3B-8103-5424C970E376}.Debug|Any CPU.ActiveCfg = Debug|Any CPU
		{D3881DA7-0F20-4E3B-8103-5424C970E376}.Debug|Any CPU.Build.0 = Debug|Any CPU
		{D3881DA7-0F20-4E3B-8103-5424C970E376}.Debug|Mixed Platforms.ActiveCfg = Debug|Any CPU
		{D3881DA7-0F20-4E3B-8103-5424C970E376}.Debug|Mixed Platforms.Build.0 = Debug|Any CPU
		{D3881DA7-0F20-4E3B-8103-5424C970E376}.Debug|x86.ActiveCfg = Debug|Any CPU
		{D3881DA7-0F20-4E3B-8103-5424C970E376}.Release|Any CPU.ActiveCfg = Release|Any CPU
		{D3881DA7-0F20-4E3B-8103-5424C970E376}.Release|Any CPU.Build.0 = Release|Any CPU
		{D3881DA7-0F20-4E3B-8103-5424C970E376}.Release|Mixed Platforms.ActiveCfg = Release|Any CPU
		{D3881DA7-0F20-4E3B-8103-5424C970E376}.Release|Mixed Platforms.Build.0 = Release|Any CPU
		{D3881DA7-0F20-4E3B-8103-5424C970E376}.Release|x86.ActiveCfg = Release|Any CPU
		{42B590C4-3CBD-40D3-857C-180F54B7916F}.Debug|Any CPU.ActiveCfg = Debug|Any CPU
		{42B590C4-3CBD-40D3-857C-180F54B7916F}.Debug|Any CPU.Build.0 = Debug|Any CPU
		{42B590C4-3CBD-40D3-857C-180F54B7916F}.Debug|Mixed Platforms.ActiveCfg = Debug|Any CPU
		{42B590C4-3CBD-40D3-857C-180F54B7916F}.Debug|Mixed Platforms.Build.0 = Debug|Any CPU
		{42B590C4-3CBD-40D3-857C-180F54B7916F}.Debug|x86.ActiveCfg = Debug|Any CPU
		{42B590C4-3CBD-40D3-857C-180F54B7916F}.Release|Any CPU.ActiveCfg = Release|Any CPU
		{42B590C4-3CBD-40D3-857C-180F54B7916F}.Release|Any CPU.Build.0 = Release|Any CPU
		{42B590C4-3CBD-40D3-857C-180F54B7916F}.Release|Mixed Platforms.ActiveCfg = Release|Any CPU
		{42B590C4-3CBD-40D3-857C-180F54B7916F}.Release|Mixed Platforms.Build.0 = Release|Any CPU
		{42B590C4-3CBD-40D3-857C-180F54B7916F}.Release|x86.ActiveCfg = Release|Any CPU
		{E1B4A425-AC8C-4C8D-8BCF-E99494DF1EB7}.Debug|Any CPU.ActiveCfg = Debug|Any CPU
		{E1B4A425-AC8C-4C8D-8BCF-E99494DF1EB7}.Debug|Any CPU.Build.0 = Debug|Any CPU
		{E1B4A425-AC8C-4C8D-8BCF-E99494DF1EB7}.Debug|Mixed Platforms.ActiveCfg = Debug|Any CPU
		{E1B4A425-AC8C-4C8D-8BCF-E99494DF1EB7}.Debug|Mixed Platforms.Build.0 = Debug|Any CPU
		{E1B4A425-AC8C-4C8D-8BCF-E99494DF1EB7}.Debug|x86.ActiveCfg = Debug|Any CPU
		{E1B4A425-AC8C-4C8D-8BCF-E99494DF1EB7}.Release|Any CPU.ActiveCfg = Release|Any CPU
		{E1B4A425-AC8C-4C8D-8BCF-E99494DF1EB7}.Release|Any CPU.Build.0 = Release|Any CPU
		{E1B4A425-AC8C-4C8D-8BCF-E99494DF1EB7}.Release|Mixed Platforms.ActiveCfg = Release|Any CPU
		{E1B4A425-AC8C-4C8D-8BCF-E99494DF1EB7}.Release|Mixed Platforms.Build.0 = Release|Any CPU
		{E1B4A425-AC8C-4C8D-8BCF-E99494DF1EB7}.Release|x86.ActiveCfg = Release|Any CPU
	EndGlobalSection
	GlobalSection(SolutionProperties) = preSolution
		HideSolutionNode = FALSE
	EndGlobalSection
	GlobalSection(NestedProjects) = preSolution
		{DA2F5466-DB52-45A1-B3F9-90F29A220B71} = {95E8EFB6-C6B9-441D-9F5E-A8598DE9EE72}
		{27BA9E20-3952-4A9A-92C4-01C86BA2BA50} = {95E8EFB6-C6B9-441D-9F5E-A8598DE9EE72}
		{EF8358CF-797B-473D-A36D-1464C8CA6670} = {06A63863-2967-417F-9694-D689198FB35D}
		{AC9E3E4E-8F02-437D-8D8E-D93F89981D39} = {06A63863-2967-417F-9694-D689198FB35D}
		{5351472E-4D1C-499B-AC55-E91627F1FBAE} = {06A63863-2967-417F-9694-D689198FB35D}
		{FE76688B-17E8-42EF-B8E0-77B06AB3DB10} = {06A63863-2967-417F-9694-D689198FB35D}
		{D3881DA7-0F20-4E3B-8103-5424C970E376} = {06A63863-2967-417F-9694-D689198FB35D}
		{2DD0E817-8D5F-482E-BCEC-21B1FF98D079} = {1EE27DB2-D142-4E6C-AF04-CF66F6FAF69A}
		{9408A628-EEC4-4F21-8408-4E1CB3AB0815} = {1EE27DB2-D142-4E6C-AF04-CF66F6FAF69A}
		{FA9871AA-AAFA-4D04-8348-C647D41E80ED} = {C9ABBFAD-6BEA-4BAC-ADA5-02F105CA5C94}
		{AB8B6A0E-D4F1-4A04-95B6-1404D6E37FEF} = {C9ABBFAD-6BEA-4BAC-ADA5-02F105CA5C94}
		{7675A131-9BFB-463C-814C-AB40186EAE8A} = {C9ABBFAD-6BEA-4BAC-ADA5-02F105CA5C94}
		{E1B4A425-AC8C-4C8D-8BCF-E99494DF1EB7} = {C9ABBFAD-6BEA-4BAC-ADA5-02F105CA5C94}
		{8547FCB1-1589-4193-9213-CE704D46EBCA} = {B00B1835-B46B-43F2-9A2D-B1889F89B9A3}
		{FF3C06E6-CA24-49FB-B202-4F6A12CF5FE5} = {B00B1835-B46B-43F2-9A2D-B1889F89B9A3}
		{ECE74670-9662-48FC-AF89-28935C28E9CC} = {64EF5B32-056D-41F0-985F-086E6A7FB739}
		{525848D3-2001-4009-8C92-B43870388C4B} = {2313042F-125B-4AE1-96A8-B447EB95CFED}
		{B8672301-DE96-4FAA-BBA3-78984890E204} = {2313042F-125B-4AE1-96A8-B447EB95CFED}
		{2E0A3F96-DB2E-4775-9A8F-4012177C2B9E} = {2313042F-125B-4AE1-96A8-B447EB95CFED}
		{E3F86DDE-9604-4F3E-9A31-BDF5C2051A23} = {863E156E-577E-4B2A-84DB-73B4749C0F8B}
		{42B590C4-3CBD-40D3-857C-180F54B7916F} = {863E156E-577E-4B2A-84DB-73B4749C0F8B}
	EndGlobalSection
	GlobalSection(ExtensibilityGlobals) = postSolution
		VisualSVNWorkingCopyRoot = .
	EndGlobalSection
EndGlobal
